
Microsoft Visual Studio Solution File, Format Version 12.00
# Visual Studio Version 17
VisualStudioVersion = 17.5.002.0
MinimumVisualStudioVersion = 10.0.40219.1
Project("{9A19103F-16F7-4668-BE54-9A1E7A4F7556}") = "minimal-api", "minimal-api.csproj", "{59B79E85-0816-4F6C-A762-644E5C35ADEF}"
EndProject
Global
	GlobalSection(SolutionConfigurationPlatforms) = preSolution
		Debug|Any CPU = Debug|Any CPU
		Release|Any CPU = Release|Any CPU
	EndGlobalSection
	GlobalSection(ProjectConfigurationPlatforms) = postSolution
		{59B79E85-0816-4F6C-A762-644E5C35ADEF}.Debug|Any CPU.ActiveCfg = Debug|Any CPU
		{59B79E85-0816-4F6C-A762-644E5C35ADEF}.Debug|Any CPU.Build.0 = Debug|Any CPU
		{59B79E85-0816-4F6C-A762-644E5C35ADEF}.Release|Any CPU.ActiveCfg = Release|Any CPU
		{59B79E85-0816-4F6C-A762-644E5C35ADEF}.Release|Any CPU.Build.0 = Release|Any CPU
	EndGlobalSection
	GlobalSection(SolutionProperties) = preSolution
		HideSolutionNode = FALSE
	EndGlobalSection
	GlobalSection(ExtensibilityGlobals) = postSolution
		SolutionGuid = {F99AE4C8-BD28-44B6-812F-ED8CB546CE01}
	EndGlobalSection
EndGlobal
